
Microsoft Visual Studio Solution File, Format Version 12.00
# Visual Studio Version 16
VisualStudioVersion = 16.0.31005.135
MinimumVisualStudioVersion = 10.0.40219.1
Project("{9A19103F-16F7-4668-BE54-9A1E7A4F7556}") = "SOMINCA.Domain", "SOMINCA.Domain\SOMINCA.Domain.csproj", "{423AB6CF-220A-4304-9A39-42D79F3ECB9D}"
EndProject
Project("{9A19103F-16F7-4668-BE54-9A1E7A4F7556}") = "SOMINCA.Repository", "SOMINCA.Repository\SOMINCA.Repository.csproj", "{52995D6B-8247-4E15-9D43-1EEEDDFE32A6}"
EndProject
Project("{9A19103F-16F7-4668-BE54-9A1E7A4F7556}") = "SOMINCA.Services", "SOMINCA.Services\SOMINCA.Services.csproj", "{C8FE5C5A-4808-4F3E-B285-4AE114DB42C3}"
EndProject
Project("{9A19103F-16F7-4668-BE54-9A1E7A4F7556}") = "SOMINCA.API", "SOMINCA.API\SOMINCA.API.csproj", "{02B6B345-ACBB-4B82-AFF6-DF5A5540346D}"
EndProject
Project("{FAE04EC0-301F-11D3-BF4B-00C04F79EFBC}") = "SOMINCA.UI", "SOMINCA.UI\SOMINCA.UI.csproj", "{7BD5ED91-2BE6-4403-B818-A89909D6401C}"
EndProject
Global
	GlobalSection(SolutionConfigurationPlatforms) = preSolution
		Debug|Any CPU = Debug|Any CPU
		Release|Any CPU = Release|Any CPU
	EndGlobalSection
	GlobalSection(ProjectConfigurationPlatforms) = postSolution
		{423AB6CF-220A-4304-9A39-42D79F3ECB9D}.Debug|Any CPU.ActiveCfg = Debug|Any CPU
		{423AB6CF-220A-4304-9A39-42D79F3ECB9D}.Debug|Any CPU.Build.0 = Debug|Any CPU
		{423AB6CF-220A-4304-9A39-42D79F3ECB9D}.Release|Any CPU.ActiveCfg = Release|Any CPU
		{423AB6CF-220A-4304-9A39-42D79F3ECB9D}.Release|Any CPU.Build.0 = Release|Any CPU
		{52995D6B-8247-4E15-9D43-1EEEDDFE32A6}.Debug|Any CPU.ActiveCfg = Debug|Any CPU
		{52995D6B-8247-4E15-9D43-1EEEDDFE32A6}.Debug|Any CPU.Build.0 = Debug|Any CPU
		{52995D6B-8247-4E15-9D43-1EEEDDFE32A6}.Release|Any CPU.ActiveCfg = Release|Any CPU
		{52995D6B-8247-4E15-9D43-1EEEDDFE32A6}.Release|Any CPU.Build.0 = Release|Any CPU
		{C8FE5C5A-4808-4F3E-B285-4AE114DB42C3}.Debug|Any CPU.ActiveCfg = Debug|Any CPU
		{C8FE5C5A-4808-4F3E-B285-4AE114DB42C3}.Debug|Any CPU.Build.0 = Debug|Any CPU
		{C8FE5C5A-4808-4F3E-B285-4AE114DB42C3}.Release|Any CPU.ActiveCfg = Release|Any CPU
		{C8FE5C5A-4808-4F3E-B285-4AE114DB42C3}.Release|Any CPU.Build.0 = Release|Any CPU
		{02B6B345-ACBB-4B82-AFF6-DF5A5540346D}.Debug|Any CPU.ActiveCfg = Debug|Any CPU
		{02B6B345-ACBB-4B82-AFF6-DF5A5540346D}.Debug|Any CPU.Build.0 = Debug|Any CPU
		{02B6B345-ACBB-4B82-AFF6-DF5A5540346D}.Release|Any CPU.ActiveCfg = Release|Any CPU
		{02B6B345-ACBB-4B82-AFF6-DF5A5540346D}.Release|Any CPU.Build.0 = Release|Any CPU
		{7BD5ED91-2BE6-4403-B818-A89909D6401C}.Debug|Any CPU.ActiveCfg = Debug|Any CPU
		{7BD5ED91-2BE6-4403-B818-A89909D6401C}.Debug|Any CPU.Build.0 = Debug|Any CPU
		{7BD5ED91-2BE6-4403-B818-A89909D6401C}.Release|Any CPU.ActiveCfg = Release|Any CPU
		{7BD5ED91-2BE6-4403-B818-A89909D6401C}.Release|Any CPU.Build.0 = Release|Any CPU
	EndGlobalSection
	GlobalSection(SolutionProperties) = preSolution
		HideSolutionNode = FALSE
	EndGlobalSection
	GlobalSection(ExtensibilityGlobals) = postSolution
		SolutionGuid = {B54077B1-E01E-4172-80DE-D0184C4382D1}
	EndGlobalSection
EndGlobal
